
Microsoft Visual Studio Solution File, Format Version 10.00
# Visual Studio 2008
Project("{E24C65DC-7377-472B-9ABA-BC803B73C61A}") = "MMG_SHOP", "MMG_SHOP\", "{D0530E20-FAA3-43B6-8266-54824996C7F9}"
	ProjectSection(WebsiteProperties) = preProject
		TargetFramework = "3.5"
		ProjectReferences = "{09EE4065-7450-4251-8D6F-510B04322F9D}|BLL.dll;{B396F827-5517-48EB-9780-C8AA33B5563B}|Common.dll;{7992E8D2-06C9-4A6E-899D-2AE98BF64D8C}|DAL.dll;"
		Debug.AspNetCompiler.VirtualPath = "/MMG_SHOP"
		Debug.AspNetCompiler.PhysicalPath = "MMG_SHOP\"
		Debug.AspNetCompiler.TargetPath = "PrecompiledWeb\MMG_SHOP\"
		Debug.AspNetCompiler.Updateable = "true"
		Debug.AspNetCompiler.ForceOverwrite = "true"
		Debug.AspNetCompiler.FixedNames = "false"
		Debug.AspNetCompiler.Debug = "True"
		Release.AspNetCompiler.VirtualPath = "/MMG_SHOP"
		Release.AspNetCompiler.PhysicalPath = "MMG_SHOP\"
		Release.AspNetCompiler.TargetPath = "PrecompiledWeb\MMG_SHOP\"
		Release.AspNetCompiler.Updateable = "true"
		Release.AspNetCompiler.ForceOverwrite = "true"
		Release.AspNetCompiler.FixedNames = "false"
		Release.AspNetCompiler.Debug = "False"
		VWDPort = "2331"
		DefaultWebSiteLanguage = "Visual C#"
	EndProjectSection
EndProject
Project("{FAE04EC0-301F-11D3-BF4B-00C04F79EFBC}") = "DAL", "DAL\DAL.csproj", "{7992E8D2-06C9-4A6E-899D-2AE98BF64D8C}"
EndProject
Project("{FAE04EC0-301F-11D3-BF4B-00C04F79EFBC}") = "BLL", "BLL\BLL.csproj", "{09EE4065-7450-4251-8D6F-510B04322F9D}"
EndProject
Project("{FAE04EC0-301F-11D3-BF4B-00C04F79EFBC}") = "Common", "Common\Common.csproj", "{B396F827-5517-48EB-9780-C8AA33B5563B}"
EndProject
Global
	GlobalSection(SolutionConfigurationPlatforms) = preSolution
		Debug|.NET = Debug|.NET
		Debug|Any CPU = Debug|Any CPU
		Debug|Mixed Platforms = Debug|Mixed Platforms
		Release|.NET = Release|.NET
		Release|Any CPU = Release|Any CPU
		Release|Mixed Platforms = Release|Mixed Platforms
	EndGlobalSection
	GlobalSection(ProjectConfigurationPlatforms) = postSolution
		{D0530E20-FAA3-43B6-8266-54824996C7F9}.Debug|.NET.ActiveCfg = Debug|.NET
		{D0530E20-FAA3-43B6-8266-54824996C7F9}.Debug|.NET.Build.0 = Debug|.NET
		{D0530E20-FAA3-43B6-8266-54824996C7F9}.Debug|Any CPU.ActiveCfg = Debug|.NET
		{D0530E20-FAA3-43B6-8266-54824996C7F9}.Debug|Mixed Platforms.ActiveCfg = Debug|.NET
		{D0530E20-FAA3-43B6-8266-54824996C7F9}.Debug|Mixed Platforms.Build.0 = Debug|.NET
		{D0530E20-FAA3-43B6-8266-54824996C7F9}.Release|.NET.ActiveCfg = Debug|.NET
		{D0530E20-FAA3-43B6-8266-54824996C7F9}.Release|.NET.Build.0 = Debug|.NET
		{D0530E20-FAA3-43B6-8266-54824996C7F9}.Release|Any CPU.ActiveCfg = Debug|.NET
		{D0530E20-FAA3-43B6-8266-54824996C7F9}.Release|Mixed Platforms.ActiveCfg = Debug|.NET
		{D0530E20-FAA3-43B6-8266-54824996C7F9}.Release|Mixed Platforms.Build.0 = Debug|.NET
		{7992E8D2-06C9-4A6E-899D-2AE98BF64D8C}.Debug|.NET.ActiveCfg = Debug|Any CPU
		{7992E8D2-06C9-4A6E-899D-2AE98BF64D8C}.Debug|Any CPU.ActiveCfg = Debug|Any CPU
		{7992E8D2-06C9-4A6E-899D-2AE98BF64D8C}.Debug|Any CPU.Build.0 = Debug|Any CPU
		{7992E8D2-06C9-4A6E-899D-2AE98BF64D8C}.Debug|Mixed Platforms.ActiveCfg = Debug|Any CPU
		{7992E8D2-06C9-4A6E-899D-2AE98BF64D8C}.Debug|Mixed Platforms.Build.0 = Debug|Any CPU
		{7992E8D2-06C9-4A6E-899D-2AE98BF64D8C}.Release|.NET.ActiveCfg = Release|Any CPU
		{7992E8D2-06C9-4A6E-899D-2AE98BF64D8C}.Release|Any CPU.ActiveCfg = Release|Any CPU
		{7992E8D2-06C9-4A6E-899D-2AE98BF64D8C}.Release|Any CPU.Build.0 = Release|Any CPU
		{7992E8D2-06C9-4A6E-899D-2AE98BF64D8C}.Release|Mixed Platforms.ActiveCfg = Release|Any CPU
		{7992E8D2-06C9-4A6E-899D-2AE98BF64D8C}.Release|Mixed Platforms.Build.0 = Release|Any CPU
		{09EE4065-7450-4251-8D6F-510B04322F9D}.Debug|.NET.ActiveCfg = Debug|Any CPU
		{09EE4065-7450-4251-8D6F-510B04322F9D}.Debug|Any CPU.ActiveCfg = Debug|Any CPU
		{09EE4065-7450-4251-8D6F-510B04322F9D}.Debug|Any CPU.Build.0 = Debug|Any CPU
		{09EE4065-7450-4251-8D6F-510B04322F9D}.Debug|Mixed Platforms.ActiveCfg = Debug|Any CPU
		{09EE4065-7450-4251-8D6F-510B04322F9D}.Debug|Mixed Platforms.Build.0 = Debug|Any CPU
		{09EE4065-7450-4251-8D6F-510B04322F9D}.Release|.NET.ActiveCfg = Release|Any CPU
		{09EE4065-7450-4251-8D6F-510B04322F9D}.Release|Any CPU.ActiveCfg = Release|Any CPU
		{09EE4065-7450-4251-8D6F-510B04322F9D}.Release|Any CPU.Build.0 = Release|Any CPU
		{09EE4065-7450-4251-8D6F-510B04322F9D}.Release|Mixed Platforms.ActiveCfg = Release|Any CPU
		{09EE4065-7450-4251-8D6F-510B04322F9D}.Release|Mixed Platforms.Build.0 = Release|Any CPU
		{B396F827-5517-48EB-9780-C8AA33B5563B}.Debug|.NET.ActiveCfg = Debug|Any CPU
		{B396F827-5517-48EB-9780-C8AA33B5563B}.Debug|Any CPU.ActiveCfg = Debug|Any CPU
		{B396F827-5517-48EB-9780-C8AA33B5563B}.Debug|Any CPU.Build.0 = Debug|Any CPU
		{B396F827-5517-48EB-9780-C8AA33B5563B}.Debug|Mixed Platforms.ActiveCfg = Debug|Any CPU
		{B396F827-5517-48EB-9780-C8AA33B5563B}.Debug|Mixed Platforms.Build.0 = Debug|Any CPU
		{B396F827-5517-48EB-9780-C8AA33B5563B}.Release|.NET.ActiveCfg = Release|Any CPU
		{B396F827-5517-48EB-9780-C8AA33B5563B}.Release|Any CPU.ActiveCfg = Release|Any CPU
		{B396F827-5517-48EB-9780-C8AA33B5563B}.Release|Any CPU.Build.0 = Release|Any CPU
		{B396F827-5517-48EB-9780-C8AA33B5563B}.Release|Mixed Platforms.ActiveCfg = Release|Any CPU
		{B396F827-5517-48EB-9780-C8AA33B5563B}.Release|Mixed Platforms.Build.0 = Release|Any CPU
	EndGlobalSection
	GlobalSection(SolutionProperties) = preSolution
		HideSolutionNode = FALSE
	EndGlobalSection
EndGlobal
